
Microsoft Visual Studio Solution File, Format Version 12.00
# Visual Studio Version 17
VisualStudioVersion = 17.8.34330.188
MinimumVisualStudioVersion = 10.0.40219.1
Project("{8BC9CEB8-8B4A-11D0-8D11-00A0C91BC942}") = "LocalMappingInjection", "LocalMappingInjection.vcxproj", "{EA8293FC-3EAC-4C21-B20B-08262E1F0E0F}"
EndProject
Global
	GlobalSection(SolutionConfigurationPlatforms) = preSolution
		Debug|x64 = Debug|x64
		Debug|x86 = Debug|x86
		Release|x64 = Release|x64
		Release|x86 = Release|x86
	EndGlobalSection
	GlobalSection(ProjectConfigurationPlatforms) = postSolution
		{EA8293FC-3EAC-4C21-B20B-08262E1F0E0F}.Debug|x64.ActiveCfg = Debug|x64
		{EA8293FC-3EAC-4C21-B20B-08262E1F0E0F}.Debug|x64.Build.0 = Debug|x64
		{EA8293FC-3EAC-4C21-B20B-08262E1F0E0F}.Debug|x86.ActiveCfg = Debug|Win32
		{EA8293FC-3EAC-4C21-B20B-08262E1F0E0F}.Debug|x86.Build.0 = Debug|Win32
		{EA8293FC-3EAC-4C21-B20B-08262E1F0E0F}.Release|x64.ActiveCfg = Release|x64
		{EA8293FC-3EAC-4C21-B20B-08262E1F0E0F}.Release|x64.Build.0 = Release|x64
		{EA8293FC-3EAC-4C21-B20B-08262E1F0E0F}.Release|x86.ActiveCfg = Release|Win32
		{EA8293FC-3EAC-4C21-B20B-08262E1F0E0F}.Release|x86.Build.0 = Release|Win32
	EndGlobalSection
	GlobalSection(SolutionProperties) = preSolution
		HideSolutionNode = FALSE
	EndGlobalSection
	GlobalSection(ExtensibilityGlobals) = postSolution
		SolutionGuid = {A75C4A83-B626-477E-8768-74F1DB06FADD}
	EndGlobalSection
EndGlobal
