
Microsoft Visual Studio Solution File, Format Version 12.00
# Visual Studio Version 17
VisualStudioVersion = 17.8.34330.188
MinimumVisualStudioVersion = 10.0.40219.1
Project("{8BC9CEB8-8B4A-11D0-8D11-00A0C91BC942}") = "APCInjection", "APCInjection.vcxproj", "{17E433F3-A034-427B-ABF5-5570B1015526}"
EndProject
Global
	GlobalSection(SolutionConfigurationPlatforms) = preSolution
		Debug|x64 = Debug|x64
		Debug|x86 = Debug|x86
		Release|x64 = Release|x64
		Release|x86 = Release|x86
	EndGlobalSection
	GlobalSection(ProjectConfigurationPlatforms) = postSolution
		{17E433F3-A034-427B-ABF5-5570B1015526}.Debug|x64.ActiveCfg = Debug|x64
		{17E433F3-A034-427B-ABF5-5570B1015526}.Debug|x64.Build.0 = Debug|x64
		{17E433F3-A034-427B-ABF5-5570B1015526}.Debug|x86.ActiveCfg = Debug|Win32
		{17E433F3-A034-427B-ABF5-5570B1015526}.Debug|x86.Build.0 = Debug|Win32
		{17E433F3-A034-427B-ABF5-5570B1015526}.Release|x64.ActiveCfg = Release|x64
		{17E433F3-A034-427B-ABF5-5570B1015526}.Release|x64.Build.0 = Release|x64
		{17E433F3-A034-427B-ABF5-5570B1015526}.Release|x86.ActiveCfg = Release|Win32
		{17E433F3-A034-427B-ABF5-5570B1015526}.Release|x86.Build.0 = Release|Win32
	EndGlobalSection
	GlobalSection(SolutionProperties) = preSolution
		HideSolutionNode = FALSE
	EndGlobalSection
	GlobalSection(ExtensibilityGlobals) = postSolution
		SolutionGuid = {8282F3F5-B7E5-4914-8F8D-B5A3F16A6801}
	EndGlobalSection
EndGlobal
